# This file is automatically @generated by Cargo.
# It is not intended for manual editing.
version = 4

[[package]]
name = "aes"
version = "0.8.4"
source = "registry+https://github.com/rust-lang/crates.io-index"
checksum = "b169f7a6d4742236a0a00c541b845991d0ac43e546831af1249753ab4c3aa3a0"
dependencies = [
 "cfg-if",
 "cipher",
 "cpufeatures",
]

[[package]]
name = "autocfg"
version = "1.5.1"
source = "registry+https://github.com/rust-lang/crates.io-index"
checksum = "f2032f911046de80f0a198e0901378627c33f59ea0ac00e363d481118bd70a53"

[[package]]
name = "block-buffer"
version = "0.10.4"
source = "registry+https://github.com/rust-lang/crates.io-index"
checksum = "3078c7629b62d3f0439517fa394996acacc5cbc91c5a20d8c658e77abd503a71"
dependencies = [
 "generic-array",
]

[[package]]
name = "bumpalo"
version = "3.20.3"
source = "registry+https://github.com/rust-lang/crates.io-index"
checksum = "72f5acc6cb2ba439de613abc23857ec3d78374d8ed5ac84e9d11336e87da8649"

[[package]]
name = "cc"
version = "1.4.5"
source = "registry+https://github.com/rust-lang/crates.io-index"
checksum = "005ec2760ca554fae18df7a11195552ec576cd665632a881bc011d5bb2fd4d80"
dependencies = [
 "find-msvc-tools",
 "jobserver",
 "libc",
 "shlex",
]

[[package]]
name = "cfg-if"
version = "1.0.4"
source = "registry+https://github.com/rust-lang/crates.io-index"
checksum = "9330f8b2ff13f34540b44e946ef35111825727b38d33286ef986142615121801"

[[package]]
name = "cipher"
version = "0.4.4"
source = "registry+https://github.com/rust-lang/crates.io-index"
checksum = "773f3b9af64447d2ce9850330c473515014aa235e6a783b02db81ff39e4a3dad"
dependencies = [
 "crypto-common",
 "inout",
]

[[package]]
name = "circuits-analog-adder"
version = "0.1.0"
dependencies = [
 "circuits-bitvec",
 "circuits-boolean",
 "compile-algebra",
 "compile-logic",
 "core-algebra",
]

[[package]]
name = "circuits-analog-decoder"
version = "0.1.0"
dependencies = [
 "circuits-boolean",
 "circuits-lookup",
 "compile-algebra",
 "compile-logic",
 "core-algebra",
]

[[package]]
name = "circuits-arithmetic"
version = "0.1.0"
dependencies = [
 "circuits-boolean",
 "compile-algebra",
 "compile-logic",
 "core-algebra",
 "util",
]

[[package]]
name = "circuits-big-bitvec"
version = "0.1.0"
dependencies = [
 "circuits-bignum",
 "circuits-bitvec",
 "circuits-boolean",
 "compile-algebra",
 "compile-eval",
 "compile-logic",
 "core-algebra",
 "runtime-algebra",
]

[[package]]
name = "circuits-bignum"
version = "0.1.0"
dependencies = [
 "circuits-boolean",
 "compile-algebra",
 "compile-logic",
 "core-algebra",
 "util",
]

[[package]]
name = "circuits-bit-plucker"
version = "0.1.0"
dependencies = [
 "circuits-analog-decoder",
 "circuits-bitvec",
 "compile-logic",
 "core-algebra",
]

[[package]]
name = "circuits-bitvec"
version = "0.1.0"
dependencies = [
 "circuits-arithmetic",
 "circuits-boolean",
 "compile-algebra",
 "compile-eval",
 "compile-logic",
 "runtime-algebra",
 "util",
]

[[package]]
name = "circuits-boolean"
version = "0.1.0"
dependencies = [
 "compile-algebra",
 "compile-eval",
 "compile-logic",
 "core-algebra",
 "runtime-algebra",
 "util",
]

[[package]]
name = "circuits-ec"
version = "0.1.0"
dependencies = [
 "compile-algebra",
 "compile-eval",
 "compile-logic",
 "core-algebra",
 "runtime-algebra",
]

[[package]]
name = "circuits-ecdsa2"
version = "0.1.0"
dependencies = [
 "circuits-arithmetic",
 "circuits-big-bitvec",
 "circuits-bitvec",
 "circuits-boolean",
 "circuits-ec",
 "circuits-lookup",
 "compile-algebra",
 "compile-eval",
 "compile-logic",
 "core-algebra",
 "runtime-algebra",
]

[[package]]
name = "circuits-gf2-128"
version = "0.1.0"
dependencies = [
 "circuits-bitvec",
 "circuits-boolean",
 "compile-algebra",
 "compile-logic",
 "core-algebra",
]

[[package]]
name = "circuits-lookup"
version = "0.1.0"
dependencies = [
 "circuits-polynomial",
 "compile-algebra",
 "compile-logic",
 "core-algebra",
]

[[package]]
name = "circuits-mac"
version = "0.1.0"
dependencies = [
 "circuits-bit-plucker",
 "circuits-bitvec",
 "circuits-boolean",
 "circuits-gf2-128",
 "compile-algebra",
 "compile-eval",
 "compile-logic",
 "core-algebra",
 "runtime-algebra",
]

[[package]]
name = "circuits-mac-gf128"
version = "0.1.0"
dependencies = [
 "circuits-bit-plucker",
 "circuits-bitvec",
 "circuits-boolean",
 "compile-algebra",
 "compile-eval",
 "compile-logic",
 "core-algebra",
 "runtime-algebra",
]

[[package]]
name = "circuits-memcmp"
version = "0.1.0"
dependencies = [
 "circuits-arithmetic",
 "circuits-bitvec",
 "circuits-boolean",
 "compile-algebra",
 "compile-logic",
]

[[package]]
name = "circuits-polynomial"
version = "0.1.0"
dependencies = [
 "compile-algebra",
 "compile-logic",
]

[[package]]
name = "circuits-routing"
version = "0.1.0"
dependencies = [
 "circuits-arithmetic",
 "circuits-bitvec",
 "circuits-boolean",
 "compile-algebra",
 "compile-logic",
]

[[package]]
name = "circuits-sha256"
version = "0.1.0"
dependencies = [
 "circuits-analog-adder",
 "circuits-bit-plucker",
 "circuits-bitvec",
 "compile-algebra",
 "compile-eval",
 "compile-logic",
 "core-algebra",
 "runtime-algebra",
]

[[package]]
name = "circuits-sha256msg"
version = "0.1.0"
dependencies = [
 "circuits-analog-adder",
 "circuits-bit-plucker",
 "circuits-bitvec",
 "circuits-boolean",
 "circuits-sha256",
 "compile-algebra",
 "compile-eval",
 "compile-logic",
 "core-algebra",
 "runtime-algebra",
]

[[package]]
name = "compile-algebra"
version = "0.1.0"
dependencies = [
 "core-algebra",
 "num-bigint",
 "num-traits",
]

[[package]]
name = "compile-compiler"
version = "0.1.0"
dependencies = [
 "bumpalo",
 "compile-algebra",
 "compile-logic",
 "compile-proto",
 "core-algebra",
 "core-proto",
 "rustc-hash",
 "util",
]

[[package]]
name = "compile-eval"
version = "0.1.0"
dependencies = [
 "compile-algebra",
 "compile-logic",
 "compile-proto",
 "core-algebra",
 "core-proto",
 "runtime-algebra",
]

[[package]]
name = "compile-logic"
version = "0.1.0"
dependencies = [
 "compile-algebra",
 "core-algebra",
 "runtime-algebra",
 "util",
]

[[package]]
name = "compile-proto"
version = "0.1.0"
dependencies = [
 "compile-algebra",
 "compile-logic",
 "core-algebra",
 "core-proto",
 "util",
]

[[package]]
name = "core-algebra"
version = "0.1.0"

[[package]]
name = "core-proto"
version = "0.1.0"
dependencies = [
 "compile-algebra",
 "core-algebra",
 "sha2",
 "util",
]

[[package]]
name = "cpufeatures"
version = "0.2.17"
source = "registry+https://github.com/rust-lang/crates.io-index"
checksum = "59ed5838eebb26a2bb2e58f6d5b5316989ae9d08bab10e0e6d103e656d1b0280"
dependencies = [
 "libc",
]

[[package]]
name = "crypto-common"
version = "0.1.7"
source = "registry+https://github.com/rust-lang/crates.io-index"
checksum = "78c8292055d1c1df0cce5d180393dc8cce0abec0a7102adb6c7b1eef6016d60a"
dependencies = [
 "generic-array",
 "typenum",
]

[[package]]
name = "digest"
version = "0.10.7"
source = "registry+https://github.com/rust-lang/crates.io-index"
checksum = "9ed9a281f7bc9b7576e61468ba615a66a5c8cfdff42420a70aa82701a3b1e292"
dependencies = [
 "block-buffer",
 "crypto-common",
]

[[package]]
name = "find-msvc-tools"
version = "0.1.12"
source = "registry+https://github.com/rust-lang/crates.io-index"
checksum = "3e0f1c7c3a72c66fd80abe965175f7523475c0489a87d3ff9d6e8c87d87a9d2d"

[[package]]
name = "generic-array"
version = "0.14.7"
source = "registry+https://github.com/rust-lang/crates.io-index"
checksum = "85649ca51fd72272d7821adaf274ad91c288277713d9c18820d8499a7ff69e9a"
dependencies = [
 "typenum",
 "version_check",
]

[[package]]
name = "getrandom"
version = "0.3.4"
source = "registry+https://github.com/rust-lang/crates.io-index"
checksum = "899def5c37c4fd7b2664648c28120ecec138e4d395b459e5ca34f9cce2dd77fd"
dependencies = [
 "cfg-if",
 "libc",
 "r-efi 5.3.0",
 "wasip2",
]

[[package]]
name = "getrandom"
version = "0.4.3"
source = "registry+https://github.com/rust-lang/crates.io-index"
checksum = "300e883d756b2e4ec94e02791f39b04b522276138852cfc41d9fb7e904106099"
dependencies = [
 "cfg-if",
 "libc",
 "r-efi 6.0.0",
]

[[package]]
name = "inout"
version = "0.1.4"
source = "registry+https://github.com/rust-lang/crates.io-index"
checksum = "879f10e63c20629ecabbb64a8010319738c66a5cd0c29b02d63d272b03751d01"
dependencies = [
 "generic-array",
]

[[package]]
name = "jobserver"
version = "0.1.35"
source = "registry+https://github.com/rust-lang/crates.io-index"
checksum = "1c00acbd29eabad4a2392fa0e921c874934dbbf4194312ad20f04a0ed67a3cb3"
dependencies = [
 "getrandom 0.4.3",
 "libc",
]

[[package]]
name = "libc"
version = "0.2.189"
source = "registry+https://github.com/rust-lang/crates.io-index"
checksum = "3eaf3ede3fee6db1a4c2ee091bf8a8b4dccdc6d17f656fb07896ee72867612f2"

[[package]]
name = "mdoc-zk-artifacts"
version = "0.1.0"

[[package]]
name = "mdoc-zk-circuits"
version = "0.1.0"
dependencies = [
 "circuits-analog-adder",
 "circuits-big-bitvec",
 "circuits-bitvec",
 "circuits-boolean",
 "circuits-ecdsa2",
 "circuits-mac",
 "circuits-mac-gf128",
 "circuits-memcmp",
 "circuits-routing",
 "circuits-sha256",
 "circuits-sha256msg",
 "compile-algebra",
 "compile-compiler",
 "compile-eval",
 "compile-logic",
 "core-algebra",
 "mdoc-zk-proto",
 "mdoc-zk-testcases",
 "num-bigint",
 "runtime-algebra",
 "sha2",
]

[[package]]
name = "mdoc-zk-compile"
version = "0.1.0"
dependencies = [
 "circuits-analog-adder",
 "circuits-bit-plucker",
 "circuits-bitvec",
 "circuits-boolean",
 "circuits-ec",
 "circuits-ecdsa2",
 "circuits-mac",
 "circuits-sha256",
 "circuits-sha256msg",
 "compile-algebra",
 "compile-compiler",
 "compile-logic",
 "core-algebra",
 "core-proto",
 "mdoc-zk-circuits",
 "runtime-algebra",
 "runtime-ligero",
 "runtime-proto",
 "zstd",
]

[[package]]
name = "mdoc-zk-proto"
version = "0.1.0"

[[package]]
name = "mdoc-zk-runtime"
version = "0.1.0"
dependencies = [
 "circuits-analog-adder",
 "circuits-bit-plucker",
 "circuits-bitvec",
 "circuits-ec",
 "circuits-ecdsa2",
 "circuits-mac",
 "circuits-sha256",
 "circuits-sha256msg",
 "compile-algebra",
 "compile-compiler",
 "compile-logic",
 "core-algebra",
 "core-proto",
 "libc",
 "mdoc-zk-artifacts",
 "mdoc-zk-circuits",
 "mdoc-zk-compile",
 "mdoc-zk-proto",
 "num-bigint",
 "runtime-algebra",
 "runtime-ligero",
 "runtime-proto",
 "runtime-random",
 "runtime-zk",
 "sha2",
 "zstd",
]

[[package]]
name = "mdoc-zk-testcases"
version = "0.1.0"

[[package]]
name = "num-bigint"
version = "0.4.8"
source = "registry+https://github.com/rust-lang/crates.io-index"
checksum = "c89e69e7e0f03bea5ef08013795c25018e101932225a656383bd384495ecc367"
dependencies = [
 "num-integer",
 "num-traits",
]

[[package]]
name = "num-integer"
version = "0.1.47"
source = "registry+https://github.com/rust-lang/crates.io-index"
checksum = "7ce2d95d4b3734dc35aa2f45e1aa22cd416814592a4f9d9205e11affd5b8e10b"
dependencies = [
 "num-traits",
]

[[package]]
name = "num-traits"
version = "0.2.19"
source = "registry+https://github.com/rust-lang/crates.io-index"
checksum = "071dfc062690e90b734c0b2273ce72ad0ffa95f0c74596bc250dcfd960262841"
dependencies = [
 "autocfg",
]

[[package]]
name = "pkg-config"
version = "0.3.34"
source = "registry+https://github.com/rust-lang/crates.io-index"
checksum = "f6b464fbc74e149a392436b17d523f769e057cb6877f6a5c4618bc6f11800548"

[[package]]
name = "r-efi"
version = "5.3.0"
source = "registry+https://github.com/rust-lang/crates.io-index"
checksum = "69cdb34c158ceb288df11e18b4bd39de994f6657d83847bdffdbd7f346754b0f"

[[package]]
name = "r-efi"
version = "6.0.0"
source = "registry+https://github.com/rust-lang/crates.io-index"
checksum = "f8dcc9c7d52a811697d2151c701e0d08956f92b0e24136cf4cf27b57a6a0d9bf"

[[package]]
name = "runtime-algebra"
version = "0.1.0"
dependencies = [
 "core-algebra",
]

[[package]]
name = "runtime-ligero"
version = "0.1.0"
dependencies = [
 "core-algebra",
 "runtime-algebra",
 "runtime-merkle",
 "runtime-proto",
 "runtime-random",
 "sha2",
 "util",
]

[[package]]
name = "runtime-merkle"
version = "0.1.0"
dependencies = [
 "runtime-proto",
 "runtime-random",
 "sha2",
]

[[package]]
name = "runtime-proto"
version = "0.1.0"
dependencies = [
 "core-algebra",
 "core-proto",
 "runtime-algebra",
 "util",
]

[[package]]
name = "runtime-random"
version = "0.1.0"
dependencies = [
 "aes",
 "core-algebra",
 "getrandom 0.3.4",
 "runtime-algebra",
 "sha2",
]

[[package]]
name = "runtime-sumcheck"
version = "0.1.0"
dependencies = [
 "core-algebra",
 "core-proto",
 "runtime-algebra",
 "runtime-proto",
 "runtime-random",
]

[[package]]
name = "runtime-zk"
version = "0.1.0"
dependencies = [
 "core-algebra",
 "core-proto",
 "runtime-algebra",
 "runtime-ligero",
 "runtime-proto",
 "runtime-random",
 "runtime-sumcheck",
]

[[package]]
name = "rustc-hash"
version = "2.1.3"
source = "registry+https://github.com/rust-lang/crates.io-index"
checksum = "6b1e7f9a428571be2dc5bc0505c13fb6bf936822b894ec87abf8a08a4e51742d"

[[package]]
name = "sha2"
version = "0.10.9"
source = "registry+https://github.com/rust-lang/crates.io-index"
checksum = "a7507d819769d01a365ab707794a4084392c824f54a7a6a7862f8c3d0892b283"
dependencies = [
 "cfg-if",
 "cpufeatures",
 "digest",
 "sha2-asm",
]

[[package]]
name = "sha2-asm"
version = "0.6.4"
source = "registry+https://github.com/rust-lang/crates.io-index"
checksum = "b845214d6175804686b2bd482bcffe96651bb2d1200742b712003504a2dac1ab"
dependencies = [
 "cc",
]

[[package]]
name = "shlex"
version = "2.0.1"
source = "registry+https://github.com/rust-lang/crates.io-index"
checksum = "f8fadd59c855ef2080decdef8ff161eb6661b86933c9d82e5ba29dc602a55aba"

[[package]]
name = "typenum"
version = "1.20.1"
source = "registry+https://github.com/rust-lang/crates.io-index"
checksum = "b6f5e870be6c3b371b77fe0ee0bafb859fa4964b4404c27de1d380043c4dda20"

[[package]]
name = "util"
version = "0.1.0"
dependencies = [
 "rustc-hash",
]

[[package]]
name = "version_check"
version = "0.9.5"
source = "registry+https://github.com/rust-lang/crates.io-index"
checksum = "0b928f33d975fc6ad9f86c8f283853ad26bdd5b10b7f1542aa2fa15e2289105a"

[[package]]
name = "wasip2"
version = "1.0.4+wasi-0.2.12"
source = "registry+https://github.com/rust-lang/crates.io-index"
checksum = "b67efb37e106e55ce722a510d6b5f9c17f083e5fc79afc2badeb12cc313d9487"
dependencies = [
 "wit-bindgen",
]

[[package]]
name = "wit-bindgen"
version = "0.57.1"
source = "registry+https://github.com/rust-lang/crates.io-index"
checksum = "1ebf944e87a7c253233ad6766e082e3cd714b5d03812acc24c318f549614536e"

[[package]]
name = "zkverify-ffi"
version = "0.1.0"
dependencies = [
 "mdoc-zk-runtime",
]

[[package]]
name = "zstd"
version = "0.13.3"
source = "registry+https://github.com/rust-lang/crates.io-index"
checksum = "e91ee311a569c327171651566e07972200e76fcfe2242a4fa446149a3881c08a"
dependencies = [
 "zstd-safe",
]

[[package]]
name = "zstd-safe"
version = "7.3.0"
source = "registry+https://github.com/rust-lang/crates.io-index"
checksum = "64d80649ab6db9d9f6f9c80a40becd948eda4714a0a5ac8c4d157a32231c7882"
dependencies = [
 "zstd-sys",
]

[[package]]
name = "zstd-sys"
version = "2.1.0+zstd.1.5.7"
source = "registry+https://github.com/rust-lang/crates.io-index"
checksum = "0ef0a8027ec3ee71300ab3bcbcd0393f434aa72b91ca6d635a39941deae8eea0"
dependencies = [
 "cc",
 "pkg-config",
]
